---

- name: Setup faillock
  block:
    - name: Search if pam_faillock is configured in system-auth config file
      ansible.builtin.command: "cat {{ login_defs_system_auth_config_file }}"
      args:
        warn: no
      changed_when: no
      register: login_defs_search_system_auth_config_result

    - name: Search if pam_faillock is configured in password-auth config file
      ansible.builtin.command: "cat {{ login_defs_password_auth_config_file }}"
      args:
        warn: no
      changed_when: no
      register: login_defs_search_password_auth_config_result

    - name: Manage legacy faillock
      block:
        - name: Setup faillock auth configuration
          ansible.builtin.command: >-
            /usr/sbin/authconfig
            --enablefaillock
            --faillockargs='{{ fail_lock_args }}'
            --updateall
          changed_when: yes
          vars:
            fail_lock_args: >-
              deny={{ login_defs_pam_faillock_deny }}
              unlock_time={{ login_defs_pam_faillock_unlock_time }}

        # See https://access.redhat.com/solutions/4175751 for details
        - name: Fix bug 1485490
          ansible.builtin.lineinfile:
            path: "{{ login_defs_password_auth_config_file }}"
            regexp: "^auth( +)required( +)pam_faillock.so( +)authfail"
            state: absent

        # See https://access.redhat.com/solutions/4175751 for details
        - name: Fix bug 1485490
          ansible.builtin.lineinfile:
            path: "{{ login_defs_password_auth_config_file }}"
            insertbefore: "^auth( +)required( +)pam_deny.so"
            line: "{{ login_defs_pam_faillock_pam_d_config_bugfix }}"
      when:
        - ansible_facts.distribution_major_version is version("7", "<=")
        - >-
          login_defs_search_password_auth_config_result.stdout
          is not search("pam_faillock.so")
        - >-
          login_defs_search_system_auth_config_result.stdout
          is not search("pam_faillock.so")
        - login_defs_pam_faillock_state == "present"

    - name: Manage faillock using authconfig tool
      block:
        - name: Exclude faillock auth configuration
          ansible.builtin.command: >-
            /usr/sbin/authconfig
            --disablefaillock
            --updateall
          changed_when: yes
      when:
        - ansible_facts.distribution_major_version is version("7", "<=")
        - >-
          login_defs_search_password_auth_config_result.stdout
          is search("pam_faillock.so")
        - >-
          login_defs_search_system_auth_config_result.stdout
          is search("pam_faillock.so")
        - login_defs_pam_faillock_state == "absent"

    - name: Manage authselect profile
      block:
        - name: Check if authselect profile is loaded
          ansible.builtin.command: authselect current
          changed_when: no
          failed_when: no
          register: login_defs_search_authselect_profile_result
          environment:
            LANGUAGE: en_US

        - name: Setup default profile
          ansible.builtin.command: >-
            /usr/bin/authselect
            select {{ login_defs_default_authselect_profile }}
            with-mkhomedir --force
          changed_when: yes
          when: >-
            login_defs_search_authselect_profile_result.stdout
            is search("No existing configuration detected")

        - name: Setup faillock auth configuration
          ansible.builtin.command: authselect enable-feature with-faillock
          changed_when: yes

        - name: Configure faillock parameters
          ansible.builtin.template:
            backup: yes
            src: faillock.conf.j2
            dest: "{{ login_defs_faillock_config_file }}"
            owner: root
            group: root
            mode: "0644"
      when:
        - ansible_facts.distribution_major_version is version("7", ">")
        - >-
          login_defs_search_password_auth_config_result.stdout
             is not search("pam_faillock.so")
        - >-
          login_defs_search_system_auth_config_result.stdout
             is not search("pam_faillock.so")
        - login_defs_pam_faillock_state == "present"


    - name: Exclude faillock auth configuration
      ansible.builtin.command: authselect disable-feature with-faillock
      changed_when: yes
      when:
        - ansible_facts.distribution_major_version is version("7", ">")
        - >-
          login_defs_search_password_auth_config_result.stdout
          is search("pam_faillock.so")
        - >-
          login_defs_search_system_auth_config_result.stdout
          is search("pam_faillock.so")
        - login_defs_pam_faillock_state == "absent"
  tags:
    - role::login_defs::faillock
